// !$*UTF8*$!
{
	archiveVersion = 1;
	classes = {
	};
	objectVersion = 46;
	objects = {

/* Begin PBXBuildFile section */
		5F98E2FD1AB38FE90075AF0E /* main.m in Sources */ = {isa = PBXBuildFile; fileRef = 5F98E2FC1AB38FE90075AF0E /* main.m */; };
		5F98E3061AB38FE90075AF0E /* Main.storyboard in Resources */ = {isa = PBXBuildFile; fileRef = 5F98E3041AB38FE90075AF0E /* Main.storyboard */; };
		5F98E3081AB38FE90075AF0E /* Images.xcassets in Resources */ = {isa = PBXBuildFile; fileRef = 5F98E3071AB38FE90075AF0E /* Images.xcassets */; };
		5F98E30B1AB38FE90075AF0E /* LaunchScreen.xib in Resources */ = {isa = PBXBuildFile; fileRef = 5F98E3091AB38FE90075AF0E /* LaunchScreen.xib */; };
		5FFF39231AC72F48000DAFAE /* LVResizableNavigationAnimation.m in Sources */ = {isa = PBXBuildFile; fileRef = 5FFF391E1AC72F48000DAFAE /* LVResizableNavigationAnimation.m */; };
		5FFF39241AC72F48000DAFAE /* LVResizableNavigationBar.m in Sources */ = {isa = PBXBuildFile; fileRef = 5FFF39201AC72F48000DAFAE /* LVResizableNavigationBar.m */; };
		5FFF39251AC72F48000DAFAE /* LVResizableNavigationController.m in Sources */ = {isa = PBXBuildFile; fileRef = 5FFF39221AC72F48000DAFAE /* LVResizableNavigationController.m */; };
		5FFF392C1AC73219000DAFAE /* AppDelegate.m in Sources */ = {isa = PBXBuildFile; fileRef = 5FFF39271AC73219000DAFAE /* AppDelegate.m */; };
		5FFF392D1AC73219000DAFAE /* DetailViewController.m in Sources */ = {isa = PBXBuildFile; fileRef = 5FFF39291AC73219000DAFAE /* DetailViewController.m */; };
		5FFF392E1AC73219000DAFAE /* EntryTableViewController.m in Sources */ = {isa = PBXBuildFile; fileRef = 5FFF392B1AC73219000DAFAE /* EntryTableViewController.m */; };
/* End PBXBuildFile section */

/* Begin PBXFileReference section */
		5F98E2F71AB38FE90075AF0E /* ResizableNavigationBar.app */ = {isa = PBXFileReference; explicitFileType = wrapper.application; includeInIndex = 0; path = ResizableNavigationBar.app; sourceTree = BUILT_PRODUCTS_DIR; };
		5F98E2FB1AB38FE90075AF0E /* Info.plist */ = {isa = PBXFileReference; lastKnownFileType = text.plist.xml; path = Info.plist; sourceTree = "<group>"; };
		5F98E2FC1AB38FE90075AF0E /* main.m */ = {isa = PBXFileReference; lastKnownFileType = sourcecode.c.objc; path = main.m; sourceTree = "<group>"; };
		5F98E3051AB38FE90075AF0E /* Base */ = {isa = PBXFileReference; lastKnownFileType = file.storyboard; name = Base; path = Base.lproj/Main.storyboard; sourceTree = "<group>"; };
		5F98E3071AB38FE90075AF0E /* Images.xcassets */ = {isa = PBXFileReference; lastKnownFileType = folder.assetcatalog; path = Images.xcassets; sourceTree = "<group>"; };
		5F98E30A1AB38FE90075AF0E /* Base */ = {isa = PBXFileReference; lastKnownFileType = file.xib; name = Base; path = Base.lproj/LaunchScreen.xib; sourceTree = "<group>"; };
		5FFF391D1AC72F48000DAFAE /* LVResizableNavigationAnimation.h */ = {isa = PBXFileReference; fileEncoding = 4; lastKnownFileType = sourcecode.c.h; name = LVResizableNavigationAnimation.h; path = Classes/LVResizableNavigationAnimation.h; sourceTree = "<group>"; };
		5FFF391E1AC72F48000DAFAE /* LVResizableNavigationAnimation.m */ = {isa = PBXFileReference; fileEncoding = 4; lastKnownFileType = sourcecode.c.objc; name = LVResizableNavigationAnimation.m; path = Classes/LVResizableNavigationAnimation.m; sourceTree = "<group>"; };
		5FFF391F1AC72F48000DAFAE /* LVResizableNavigationBar.h */ = {isa = PBXFileReference; fileEncoding = 4; lastKnownFileType = sourcecode.c.h; name = LVResizableNavigationBar.h; path = Classes/LVResizableNavigationBar.h; sourceTree = "<group>"; };
		5FFF39201AC72F48000DAFAE /* LVResizableNavigationBar.m */ = {isa = PBXFileReference; fileEncoding = 4; lastKnownFileType = sourcecode.c.objc; name = LVResizableNavigationBar.m; path = Classes/LVResizableNavigationBar.m; sourceTree = "<group>"; };
		5FFF39211AC72F48000DAFAE /* LVResizableNavigationController.h */ = {isa = PBXFileReference; fileEncoding = 4; lastKnownFileType = sourcecode.c.h; name = LVResizableNavigationController.h; path = Classes/LVResizableNavigationController.h; sourceTree = "<group>"; };
		5FFF39221AC72F48000DAFAE /* LVResizableNavigationController.m */ = {isa = PBXFileReference; fileEncoding = 4; lastKnownFileType = sourcecode.c.objc; name = LVResizableNavigationController.m; path = Classes/LVResizableNavigationController.m; sourceTree = "<group>"; };
		5FFF39261AC73219000DAFAE /* AppDelegate.h */ = {isa = PBXFileReference; fileEncoding = 4; lastKnownFileType = sourcecode.c.h; name = AppDelegate.h; path = Example/AppDelegate.h; sourceTree = "<group>"; };
		5FFF39271AC73219000DAFAE /* AppDelegate.m */ = {isa = PBXFileReference; fileEncoding = 4; lastKnownFileType = sourcecode.c.objc; name = AppDelegate.m; path = Example/AppDelegate.m; sourceTree = "<group>"; };
		5FFF39281AC73219000DAFAE /* DetailViewController.h */ = {isa = PBXFileReference; fileEncoding = 4; lastKnownFileType = sourcecode.c.h; name = DetailViewController.h; path = Example/DetailViewController.h; sourceTree = "<group>"; };
		5FFF39291AC73219000DAFAE /* DetailViewController.m */ = {isa = PBXFileReference; fileEncoding = 4; lastKnownFileType = sourcecode.c.objc; name = DetailViewController.m; path = Example/DetailViewController.m; sourceTree = "<group>"; };
		5FFF392A1AC73219000DAFAE /* EntryTableViewController.h */ = {isa = PBXFileReference; fileEncoding = 4; lastKnownFileType = sourcecode.c.h; name = EntryTableViewController.h; path = Example/EntryTableViewController.h; sourceTree = "<group>"; };
		5FFF392B1AC73219000DAFAE /* EntryTableViewController.m */ = {isa = PBXFileReference; fileEncoding = 4; lastKnownFileType = sourcecode.c.objc; name = EntryTableViewController.m; path = Example/EntryTableViewController.m; sourceTree = "<group>"; };
/* End PBXFileReference section */

/* Begin PBXFrameworksBuildPhase section */
		5F98E2F41AB38FE90075AF0E /* Frameworks */ = {
			isa = PBXFrameworksBuildPhase;
			buildActionMask = 2147483647;
			files = (
			);
			runOnlyForDeploymentPostprocessing = 0;
		};
/* End PBXFrameworksBuildPhase section */

/* Begin PBXGroup section */
		5F98E2EE1AB38FE90075AF0E = {
			isa = PBXGroup;
			children = (
				5F98E2F91AB38FE90075AF0E /* ResizableNavigationBar */,
				5F98E2F81AB38FE90075AF0E /* Products */,
			);
			sourceTree = "<group>";
		};
		5F98E2F81AB38FE90075AF0E /* Products */ = {
			isa = PBXGroup;
			children = (
				5F98E2F71AB38FE90075AF0E /* ResizableNavigationBar.app */,
			);
			name = Products;
			sourceTree = "<group>";
		};
		5F98E2F91AB38FE90075AF0E /* ResizableNavigationBar */ = {
			isa = PBXGroup;
			children = (
				5F98E3211AB3903E0075AF0E /* Example */,
				5F98E3201AB390340075AF0E /* Classes */,
				5F98E2FA1AB38FE90075AF0E /* Supporting Files */,
			);
			path = ResizableNavigationBar;
			sourceTree = "<group>";
		};
		5F98E2FA1AB38FE90075AF0E /* Supporting Files */ = {
			isa = PBXGroup;
			children = (
				5F98E2FB1AB38FE90075AF0E /* Info.plist */,
				5F98E2FC1AB38FE90075AF0E /* main.m */,
			);
			name = "Supporting Files";
			sourceTree = "<group>";
		};
		5F98E3201AB390340075AF0E /* Classes */ = {
			isa = PBXGroup;
			children = (
				5FFF391D1AC72F48000DAFAE /* LVResizableNavigationAnimation.h */,
				5FFF391E1AC72F48000DAFAE /* LVResizableNavigationAnimation.m */,
				5FFF391F1AC72F48000DAFAE /* LVResizableNavigationBar.h */,
				5FFF39201AC72F48000DAFAE /* LVResizableNavigationBar.m */,
				5FFF39211AC72F48000DAFAE /* LVResizableNavigationController.h */,
				5FFF39221AC72F48000DAFAE /* LVResizableNavigationController.m */,
			);
			name = Classes;
			sourceTree = "<group>";
		};
		5F98E3211AB3903E0075AF0E /* Example */ = {
			isa = PBXGroup;
			children = (
				5FFF39261AC73219000DAFAE /* AppDelegate.h */,
				5FFF39271AC73219000DAFAE /* AppDelegate.m */,
				5FFF39281AC73219000DAFAE /* DetailViewController.h */,
				5FFF39291AC73219000DAFAE /* DetailViewController.m */,
				5FFF392A1AC73219000DAFAE /* EntryTableViewController.h */,
				5FFF392B1AC73219000DAFAE /* EntryTableViewController.m */,
				5F98E3041AB38FE90075AF0E /* Main.storyboard */,
				5F98E3071AB38FE90075AF0E /* Images.xcassets */,
				5F98E3091AB38FE90075AF0E /* LaunchScreen.xib */,
			);
			name = Example;
			sourceTree = "<group>";
		};
/* End PBXGroup section */

/* Begin PBXNativeTarget section */
		5F98E2F61AB38FE90075AF0E /* ResizableNavigationBar */ = {
			isa = PBXNativeTarget;
			buildConfigurationList = 5F98E31A1AB38FE90075AF0E /* Build configuration list for PBXNativeTarget "ResizableNavigationBar" */;
			buildPhases = (
				5F98E2F31AB38FE90075AF0E /* Sources */,
				5F98E2F41AB38FE90075AF0E /* Frameworks */,
				5F98E2F51AB38FE90075AF0E /* Resources */,
			);
			buildRules = (
			);
			dependencies = (
			);
			name = ResizableNavigationBar;
			productName = ResizableNavigationBar;
			productReference = 5F98E2F71AB38FE90075AF0E /* ResizableNavigationBar.app */;
			productType = "com.apple.product-type.application";
		};
/* End PBXNativeTarget section */

/* Begin PBXProject section */
		5F98E2EF1AB38FE90075AF0E /* Project object */ = {
			isa = PBXProject;
			attributes = {
				LastUpgradeCheck = 0620;
				ORGANIZATIONNAME = "Level Money";
				TargetAttributes = {
					5F98E2F61AB38FE90075AF0E = {
						CreatedOnToolsVersion = 6.2;
					};
				};
			};
			buildConfigurationList = 5F98E2F21AB38FE90075AF0E /* Build configuration list for PBXProject "ResizableNavigationBar" */;
			compatibilityVersion = "Xcode 3.2";
			developmentRegion = English;
			hasScannedForEncodings = 0;
			knownRegions = (
				en,
				Base,
			);
			mainGroup = 5F98E2EE1AB38FE90075AF0E;
			productRefGroup = 5F98E2F81AB38FE90075AF0E /* Products */;
			projectDirPath = "";
			projectRoot = "";
			targets = (
				5F98E2F61AB38FE90075AF0E /* ResizableNavigationBar */,
			);
		};
/* End PBXProject section */

/* Begin PBXResourcesBuildPhase section */
		5F98E2F51AB38FE90075AF0E /* Resources */ = {
			isa = PBXResourcesBuildPhase;
			buildActionMask = 2147483647;
			files = (
				5F98E3061AB38FE90075AF0E /* Main.storyboard in Resources */,
				5F98E30B1AB38FE90075AF0E /* LaunchScreen.xib in Resources */,
				5F98E3081AB38FE90075AF0E /* Images.xcassets in Resources */,
			);
			runOnlyForDeploymentPostprocessing = 0;
		};
/* End PBXResourcesBuildPhase section */

/* Begin PBXSourcesBuildPhase section */
		5F98E2F31AB38FE90075AF0E /* Sources */ = {
			isa = PBXSourcesBuildPhase;
			buildActionMask = 2147483647;
			files = (
				5FFF392E1AC73219000DAFAE /* EntryTableViewController.m in Sources */,
				5FFF39241AC72F48000DAFAE /* LVResizableNavigationBar.m in Sources */,
				5FFF39251AC72F48000DAFAE /* LVResizableNavigationController.m in Sources */,
				5FFF39231AC72F48000DAFAE /* LVResizableNavigationAnimation.m in Sources */,
				5F98E2FD1AB38FE90075AF0E /* main.m in Sources */,
				5FFF392C1AC73219000DAFAE /* AppDelegate.m in Sources */,
				5FFF392D1AC73219000DAFAE /* DetailViewController.m in Sources */,
			);
			runOnlyForDeploymentPostprocessing = 0;
		};
/* End PBXSourcesBuildPhase section */

/* Begin PBXVariantGroup section */
		5F98E3041AB38FE90075AF0E /* Main.storyboard */ = {
			isa = PBXVariantGroup;
			children = (
				5F98E3051AB38FE90075AF0E /* Base */,
			);
			name = Main.storyboard;
			sourceTree = "<group>";
		};
		5F98E3091AB38FE90075AF0E /* LaunchScreen.xib */ = {
			isa = PBXVariantGroup;
			children = (
				5F98E30A1AB38FE90075AF0E /* Base */,
			);
			name = LaunchScreen.xib;
			sourceTree = "<group>";
		};
/* End PBXVariantGroup section */

/* Begin XCBuildConfiguration section */
		5F98E3181AB38FE90075AF0E /* Debug */ = {
			isa = XCBuildConfiguration;
			buildSettings = {
				ALWAYS_SEARCH_USER_PATHS = NO;
				CLANG_CXX_LANGUAGE_STANDARD = "gnu++0x";
				CLANG_CXX_LIBRARY = "libc++";
				CLANG_ENABLE_MODULES = YES;
				CLANG_ENABLE_OBJC_ARC = YES;
				CLANG_WARN_BOOL_CONVERSION = YES;
				CLANG_WARN_CONSTANT_CONVERSION = YES;
				CLANG_WARN_DIRECT_OBJC_ISA_USAGE = YES_ERROR;
				CLANG_WARN_EMPTY_BODY = YES;
				CLANG_WARN_ENUM_CONVERSION = YES;
				CLANG_WARN_INT_CONVERSION = YES;
				CLANG_WARN_OBJC_ROOT_CLASS = YES_ERROR;
				CLANG_WARN_UNREACHABLE_CODE = YES;
				CLANG_WARN__DUPLICATE_METHOD_MATCH = YES;
				"CODE_SIGN_IDENTITY[sdk=iphoneos*]" = "iPhone Developer";
				COPY_PHASE_STRIP = NO;
				ENABLE_STRICT_OBJC_MSGSEND = YES;
				GCC_C_LANGUAGE_STANDARD = gnu99;
				GCC_DYNAMIC_NO_PIC = NO;
				GCC_OPTIMIZATION_LEVEL = 0;
				GCC_PREPROCESSOR_DEFINITIONS = (
					"DEBUG=1",
					"$(inherited)",
				);
				GCC_SYMBOLS_PRIVATE_EXTERN = NO;
				GCC_WARN_64_TO_32_BIT_CONVERSION = YES;
				GCC_WARN_ABOUT_RETURN_TYPE = YES_ERROR;
				GCC_WARN_UNDECLARED_SELECTOR = YES;
				GCC_WARN_UNINITIALIZED_AUTOS = YES_AGGRESSIVE;
				GCC_WARN_UNUSED_FUNCTION = YES;
				GCC_WARN_UNUSED_VARIABLE = YES;
				IPHONEOS_DEPLOYMENT_TARGET = 8.2;
				MTL_ENABLE_DEBUG_INFO = YES;
				ONLY_ACTIVE_ARCH = YES;
				SDKROOT = iphoneos;
			};
			name = Debug;
		};
		5F98E3191AB38FE90075AF0E /* Release */ = {
			isa = XCBuildConfiguration;
			buildSettings = {
				ALWAYS_SEARCH_USER_PATHS = NO;
				CLANG_CXX_LANGUAGE_STANDARD = "gnu++0x";
				CLANG_CXX_LIBRARY = "libc++";
				CLANG_ENABLE_MODULES = YES;
				CLANG_ENABLE_OBJC_ARC = YES;
				CLANG_WARN_BOOL_CONVERSION = YES;
				CLANG_WARN_CONSTANT_CONVERSION = YES;
				CLANG_WARN_DIRECT_OBJC_ISA_USAGE = YES_ERROR;
				CLANG_WARN_EMPTY_BODY = YES;
				CLANG_WARN_ENUM_CONVERSION = YES;
				CLANG_WARN_INT_CONVERSION = YES;
				CLANG_WARN_OBJC_ROOT_CLASS = YES_ERROR;
				CLANG_WARN_UNREACHABLE_CODE = YES;
				CLANG_WARN__DUPLICATE_METHOD_MATCH = YES;
				"CODE_SIGN_IDENTITY[sdk=iphoneos*]" = "iPhone Developer";
				COPY_PHASE_STRIP = NO;
				ENABLE_NS_ASSERTIONS = NO;
				ENABLE_STRICT_OBJC_MSGSEND = YES;
				GCC_C_LANGUAGE_STANDARD = gnu99;
				GCC_WARN_64_TO_32_BIT_CONVERSION = YES;
				GCC_WARN_ABOUT_RETURN_TYPE = YES_ERROR;
				GCC_WARN_UNDECLARED_SELECTOR = YES;
				GCC_WARN_UNINITIALIZED_AUTOS = YES_AGGRESSIVE;
				GCC_WARN_UNUSED_FUNCTION = YES;
				GCC_WARN_UNUSED_VARIABLE = YES;
				IPHONEOS_DEPLOYMENT_TARGET = 8.2;
				MTL_ENABLE_DEBUG_INFO = NO;
				SDKROOT = iphoneos;
				VALIDATE_PRODUCT = YES;
			};
			name = Release;
		};
		5F98E31B1AB38FE90075AF0E /* Debug */ = {
			isa = XCBuildConfiguration;
			buildSettings = {
				ASSETCATALOG_COMPILER_APPICON_NAME = AppIcon;
				INFOPLIST_FILE = ResizableNavigationBar/Info.plist;
				LD_RUNPATH_SEARCH_PATHS = "$(inherited) @executable_path/Frameworks";
				PRODUCT_NAME = "$(TARGET_NAME)";
			};
			name = Debug;
		};
		5F98E31C1AB38FE90075AF0E /* Release */ = {
			isa = XCBuildConfiguration;
			buildSettings = {
				ASSETCATALOG_COMPILER_APPICON_NAME = AppIcon;
				INFOPLIST_FILE = ResizableNavigationBar/Info.plist;
				LD_RUNPATH_SEARCH_PATHS = "$(inherited) @executable_path/Frameworks";
				PRODUCT_NAME = "$(TARGET_NAME)";
			};
			name = Release;
		};
/* End XCBuildConfiguration section */

/* Begin XCConfigurationList section */
		5F98E2F21AB38FE90075AF0E /* Build configuration list for PBXProject "ResizableNavigationBar" */ = {
			isa = XCConfigurationList;
			buildConfigurations = (
				5F98E3181AB38FE90075AF0E /* Debug */,
				5F98E3191AB38FE90075AF0E /* Release */,
			);
			defaultConfigurationIsVisible = 0;
			defaultConfigurationName = Release;
		};
		5F98E31A1AB38FE90075AF0E /* Build configuration list for PBXNativeTarget "ResizableNavigationBar" */ = {
			isa = XCConfigurationList;
			buildConfigurations = (
				5F98E31B1AB38FE90075AF0E /* Debug */,
				5F98E31C1AB38FE90075AF0E /* Release */,
			);
			defaultConfigurationIsVisible = 0;
			defaultConfigurationName = Release;
		};
/* End XCConfigurationList section */
	};
	rootObject = 5F98E2EF1AB38FE90075AF0E /* Project object */;
}
